PODS:
  - BlocksKit (2.2.5):
    - BlocksKit/All (= 2.2.5)
  - BlocksKit/All (2.2.5):
    - BlocksKit/Core
    - BlocksKit/DynamicDelegate
    - BlocksKit/MessageUI
    - BlocksKit/UIKit
  - BlocksKit/Core (2.2.5)
  - BlocksKit/DynamicDelegate (2.2.5)
  - BlocksKit/MessageUI (2.2.5):
    - BlocksKit/Core
    - BlocksKit/DynamicDelegate
  - BlocksKit/UIKit (2.2.5):
    - BlocksKit/Core
    - BlocksKit/DynamicDelegate
  - XLForm (3.0.0)

DEPENDENCIES:
  - BlocksKit
  - XLForm

SPEC CHECKSUMS:
  BlocksKit: 7f422b971407001178d181a43b99014ea2591fe6
  XLForm: 10fc7eb9e2d5df21a515fa3a794f4e26319abd0e

COCOAPODS: 0.36.3
