// !$*UTF8*$!
{
	archiveVersion = 1;
	classes = {
	};
	objectVersion = 46;
	objects = {

/* Begin PBXBuildFile section */
		EE044AF61B4C531F0052CC67 /* main.m in Sources */ = {isa = PBXBuildFile; fileRef = EE044AF51B4C531F0052CC67 /* main.m */; };
		EE044AF91B4C531F0052CC67 /* AppDelegate.m in Sources */ = {isa = PBXBuildFile; fileRef = EE044AF81B4C531F0052CC67 /* AppDelegate.m */; };
		EE044AFC1B4C531F0052CC67 /* ViewController.m in Sources */ = {isa = PBXBuildFile; fileRef = EE044AFB1B4C531F0052CC67 /* ViewController.m */; };
		EE044AFF1B4C531F0052CC67 /* Main.storyboard in Resources */ = {isa = PBXBuildFile; fileRef = EE044AFD1B4C531F0052CC67 /* Main.storyboard */; };
		EE044B011B4C531F0052CC67 /* Images.xcassets in Resources */ = {isa = PBXBuildFile; fileRef = EE044B001B4C531F0052CC67 /* Images.xcassets */; };
		EE044B041B4C531F0052CC67 /* LaunchScreen.xib in Resources */ = {isa = PBXBuildFile; fileRef = EE044B021B4C531F0052CC67 /* LaunchScreen.xib */; };
		EE044B101B4C53200052CC67 /* PuulProjectTests.m in Sources */ = {isa = PBXBuildFile; fileRef = EE044B0F1B4C53200052CC67 /* PuulProjectTests.m */; };
/* End PBXBuildFile section */

/* Begin PBXContainerItemProxy section */
		EE044B0A1B4C53200052CC67 /* PBXContainerItemProxy */ = {
			isa = PBXContainerItemProxy;
			containerPortal = EE044AE81B4C531F0052CC67 /* Project object */;
			proxyType = 1;
			remoteGlobalIDString = EE044AEF1B4C531F0052CC67;
			remoteInfo = PuulProject;
		};
/* End PBXContainerItemProxy section */

/* Begin PBXFileReference section */
		EE044AF01B4C531F0052CC67 /* PuulProject.app */ = {isa = PBXFileReference; explicitFileType = wrapper.application; includeInIndex = 0; path = PuulProject.app; sourceTree = BUILT_PRODUCTS_DIR; };
		EE044AF41B4C531F0052CC67 /* Info.plist */ = {isa = PBXFileReference; lastKnownFileType = text.plist.xml; path = Info.plist; sourceTree = "<group>"; };
		EE044AF51B4C531F0052CC67 /* main.m */ = {isa = PBXFileReference; lastKnownFileType = sourcecode.c.objc; path = main.m; sourceTree = "<group>"; };
		EE044AF71B4C531F0052CC67 /* AppDelegate.h */ = {isa = PBXFileReference; lastKnownFileType = sourcecode.c.h; path = AppDelegate.h; sourceTree = "<group>"; };
		EE044AF81B4C531F0052CC67 /* AppDelegate.m */ = {isa = PBXFileReference; lastKnownFileType = sourcecode.c.objc; path = AppDelegate.m; sourceTree = "<group>"; };
		EE044AFA1B4C531F0052CC67 /* ViewController.h */ = {isa = PBXFileReference; lastKnownFileType = sourcecode.c.h; path = ViewController.h; sourceTree = "<group>"; };
		EE044AFB1B4C531F0052CC67 /* ViewController.m */ = {isa = PBXFileReference; lastKnownFileType = sourcecode.c.objc; path = ViewController.m; sourceTree = "<group>"; };
		EE044AFE1B4C531F0052CC67 /* Base */ = {isa = PBXFileReference; lastKnownFileType = file.storyboard; name = Base; path = Base.lproj/Main.storyboard; sourceTree = "<group>"; };
		EE044B001B4C531F0052CC67 /* Images.xcassets */ = {isa = PBXFileReference; lastKnownFileType = folder.assetcatalog; path = Images.xcassets; sourceTree = "<group>"; };
		EE044B031B4C531F0052CC67 /* Base */ = {isa = PBXFileReference; lastKnownFileType = file.xib; name = Base; path = Base.lproj/LaunchScreen.xib; sourceTree = "<group>"; };
		EE044B091B4C53200052CC67 /* PuulProjectTests.xctest */ = {isa = PBXFileReference; explicitFileType = wrapper.cfbundle; includeInIndex = 0; path = PuulProjectTests.xctest; sourceTree = BUILT_PRODUCTS_DIR; };
		EE044B0E1B4C53200052CC67 /* Info.plist */ = {isa = PBXFileReference; lastKnownFileType = text.plist.xml; path = Info.plist; sourceTree = "<group>"; };
		EE044B0F1B4C53200052CC67 /* PuulProjectTests.m */ = {isa = PBXFileReference; lastKnownFileType = sourcecode.c.objc; path = PuulProjectTests.m; sourceTree = "<group>"; };
/* End PBXFileReference section */

/* Begin PBXFrameworksBuildPhase section */
		EE044AED1B4C531F0052CC67 /* Frameworks */ = {
			isa = PBXFrameworksBuildPhase;
			buildActionMask = 2147483647;
			files = (
			);
			runOnlyForDeploymentPostprocessing = 0;
		};
		EE044B061B4C53200052CC67 /* Frameworks */ = {
			isa = PBXFrameworksBuildPhase;
			buildActionMask = 2147483647;
			files = (
			);
			runOnlyForDeploymentPostprocessing = 0;
		};
/* End PBXFrameworksBuildPhase section */

/* Begin PBXGroup section */
		EE044AE71B4C531F0052CC67 = {
			isa = PBXGroup;
			children = (
				EE044AF21B4C531F0052CC67 /* PuulProject */,
				EE044B0C1B4C53200052CC67 /* PuulProjectTests */,
				EE044AF11B4C531F0052CC67 /* Products */,
			);
			sourceTree = "<group>";
		};
		EE044AF11B4C531F0052CC67 /* Products */ = {
			isa = PBXGroup;
			children = (
				EE044AF01B4C531F0052CC67 /* PuulProject.app */,
				EE044B091B4C53200052CC67 /* PuulProjectTests.xctest */,
			);
			name = Products;
			sourceTree = "<group>";
		};
		EE044AF21B4C531F0052CC67 /* PuulProject */ = {
			isa = PBXGroup;
			children = (
				EE044AF71B4C531F0052CC67 /* AppDelegate.h */,
				EE044AF81B4C531F0052CC67 /* AppDelegate.m */,
				EE044AFA1B4C531F0052CC67 /* ViewController.h */,
				EE044AFB1B4C531F0052CC67 /* ViewController.m */,
				EE044AFD1B4C531F0052CC67 /* Main.storyboard */,
				EE044B001B4C531F0052CC67 /* Images.xcassets */,
				EE044B021B4C531F0052CC67 /* LaunchScreen.xib */,
				EE044AF31B4C531F0052CC67 /* Supporting Files */,
			);
			path = PuulProject;
			sourceTree = "<group>";
		};
		EE044AF31B4C531F0052CC67 /* Supporting Files */ = {
			isa = PBXGroup;
			children = (
				EE044AF41B4C531F0052CC67 /* Info.plist */,
				EE044AF51B4C531F0052CC67 /* main.m */,
			);
			name = "Supporting Files";
			sourceTree = "<group>";
		};
		EE044B0C1B4C53200052CC67 /* PuulProjectTests */ = {
			isa = PBXGroup;
			children = (
				EE044B0F1B4C53200052CC67 /* PuulProjectTests.m */,
				EE044B0D1B4C53200052CC67 /* Supporting Files */,
			);
			path = PuulProjectTests;
			sourceTree = "<group>";
		};
		EE044B0D1B4C53200052CC67 /* Supporting Files */ = {
			isa = PBXGroup;
			children = (
				EE044B0E1B4C53200052CC67 /* Info.plist */,
			);
			name = "Supporting Files";
			sourceTree = "<group>";
		};
/* End PBXGroup section */

/* Begin PBXNativeTarget section */
		EE044AEF1B4C531F0052CC67 /* PuulProject */ = {
			isa = PBXNativeTarget;
			buildConfigurationList = EE044B131B4C53200052CC67 /* Build configuration list for PBXNativeTarget "PuulProject" */;
			buildPhases = (
				EE044AEC1B4C531F0052CC67 /* Sources */,
				EE044AED1B4C531F0052CC67 /* Frameworks */,
				EE044AEE1B4C531F0052CC67 /* Resources */,
			);
			buildRules = (
			);
			dependencies = (
			);
			name = PuulProject;
			productName = PuulProject;
			productReference = EE044AF01B4C531F0052CC67 /* PuulProject.app */;
			productType = "com.apple.product-type.application";
		};
		EE044B081B4C53200052CC67 /* PuulProjectTests */ = {
			isa = PBXNativeTarget;
			buildConfigurationList = EE044B161B4C53200052CC67 /* Build configuration list for PBXNativeTarget "PuulProjectTests" */;
			buildPhases = (
				EE044B051B4C53200052CC67 /* Sources */,
				EE044B061B4C53200052CC67 /* Frameworks */,
				EE044B071B4C53200052CC67 /* Resources */,
			);
			buildRules = (
			);
			dependencies = (
				EE044B0B1B4C53200052CC67 /* PBXTargetDependency */,
			);
			name = PuulProjectTests;
			productName = PuulProjectTests;
			productReference = EE044B091B4C53200052CC67 /* PuulProjectTests.xctest */;
			productType = "com.apple.product-type.bundle.unit-test";
		};
/* End PBXNativeTarget section */

/* Begin PBXProject section */
		EE044AE81B4C531F0052CC67 /* Project object */ = {
			isa = PBXProject;
			attributes = {
				LastUpgradeCheck = 0610;
				ORGANIZATIONNAME = "David Ho";
				TargetAttributes = {
					EE044AEF1B4C531F0052CC67 = {
						CreatedOnToolsVersion = 6.1.1;
					};
					EE044B081B4C53200052CC67 = {
						CreatedOnToolsVersion = 6.1.1;
						TestTargetID = EE044AEF1B4C531F0052CC67;
					};
				};
			};
			buildConfigurationList = EE044AEB1B4C531F0052CC67 /* Build configuration list for PBXProject "PuulProject" */;
			compatibilityVersion = "Xcode 3.2";
			developmentRegion = English;
			hasScannedForEncodings = 0;
			knownRegions = (
				en,
				Base,
			);
			mainGroup = EE044AE71B4C531F0052CC67;
			productRefGroup = EE044AF11B4C531F0052CC67 /* Products */;
			projectDirPath = "";
			projectRoot = "";
			targets = (
				EE044AEF1B4C531F0052CC67 /* PuulProject */,
				EE044B081B4C53200052CC67 /* PuulProjectTests */,
			);
		};
/* End PBXProject section */

/* Begin PBXResourcesBuildPhase section */
		EE044AEE1B4C531F0052CC67 /* Resources */ = {
			isa = PBXResourcesBuildPhase;
			buildActionMask = 2147483647;
			files = (
				EE044AFF1B4C531F0052CC67 /* Main.storyboard in Resources */,
				EE044B041B4C531F0052CC67 /* LaunchScreen.xib in Resources */,
				EE044B011B4C531F0052CC67 /* Images.xcassets in Resources */,
			);
			runOnlyForDeploymentPostprocessing = 0;
		};
		EE044B071B4C53200052CC67 /* Resources */ = {
			isa = PBXResourcesBuildPhase;
			buildActionMask = 2147483647;
			files = (
			);
			runOnlyForDeploymentPostprocessing = 0;
		};
/* End PBXResourcesBuildPhase section */

/* Begin PBXSourcesBuildPhase section */
		EE044AEC1B4C531F0052CC67 /* Sources */ = {
			isa = PBXSourcesBuildPhase;
			buildActionMask = 2147483647;
			files = (
				EE044AFC1B4C531F0052CC67 /* ViewController.m in Sources */,
				EE044AF91B4C531F0052CC67 /* AppDelegate.m in Sources */,
				EE044AF61B4C531F0052CC67 /* main.m in Sources */,
			);
			runOnlyForDeploymentPostprocessing = 0;
		};
		EE044B051B4C53200052CC67 /* Sources */ = {
			isa = PBXSourcesBuildPhase;
			buildActionMask = 2147483647;
			files = (
				EE044B101B4C53200052CC67 /* PuulProjectTests.m in Sources */,
			);
			runOnlyForDeploymentPostprocessing = 0;
		};
/* End PBXSourcesBuildPhase section */

/* Begin PBXTargetDependency section */
		EE044B0B1B4C53200052CC67 /* PBXTargetDependency */ = {
			isa = PBXTargetDependency;
			target = EE044AEF1B4C531F0052CC67 /* PuulProject */;
			targetProxy = EE044B0A1B4C53200052CC67 /* PBXContainerItemProxy */;
		};
/* End PBXTargetDependency section */

/* Begin PBXVariantGroup section */
		EE044AFD1B4C531F0052CC67 /* Main.storyboard */ = {
			isa = PBXVariantGroup;
			children = (
				EE044AFE1B4C531F0052CC67 /* Base */,
			);
			name = Main.storyboard;
			sourceTree = "<group>";
		};
		EE044B021B4C531F0052CC67 /* LaunchScreen.xib */ = {
			isa = PBXVariantGroup;
			children = (
				EE044B031B4C531F0052CC67 /* Base */,
			);
			name = LaunchScreen.xib;
			sourceTree = "<group>";
		};
/* End PBXVariantGroup section */

/* Begin XCBuildConfiguration section */
		EE044B111B4C53200052CC67 /* Debug */ = {
			isa = XCBuildConfiguration;
			buildSettings = {
				ALWAYS_SEARCH_USER_PATHS = NO;
				CLANG_CXX_LANGUAGE_STANDARD = "gnu++0x";
				CLANG_CXX_LIBRARY = "libc++";
				CLANG_ENABLE_MODULES = YES;
				CLANG_ENABLE_OBJC_ARC = YES;
				CLANG_WARN_BOOL_CONVERSION = YES;
				CLANG_WARN_CONSTANT_CONVERSION = YES;
				CLANG_WARN_DIRECT_OBJC_ISA_USAGE = YES_ERROR;
				CLANG_WARN_EMPTY_BODY = YES;
				CLANG_WARN_ENUM_CONVERSION = YES;
				CLANG_WARN_INT_CONVERSION = YES;
				CLANG_WARN_OBJC_ROOT_CLASS = YES_ERROR;
				CLANG_WARN_UNREACHABLE_CODE = YES;
				CLANG_WARN__DUPLICATE_METHOD_MATCH = YES;
				"CODE_SIGN_IDENTITY[sdk=iphoneos*]" = "iPhone Developer";
				COPY_PHASE_STRIP = NO;
				ENABLE_STRICT_OBJC_MSGSEND = YES;
				GCC_C_LANGUAGE_STANDARD = gnu99;
				GCC_DYNAMIC_NO_PIC = NO;
				GCC_OPTIMIZATION_LEVEL = 0;
				GCC_PREPROCESSOR_DEFINITIONS = (
					"DEBUG=1",
					"$(inherited)",
				);
				GCC_SYMBOLS_PRIVATE_EXTERN = NO;
				GCC_WARN_64_TO_32_BIT_CONVERSION = YES;
				GCC_WARN_ABOUT_RETURN_TYPE = YES_ERROR;
				GCC_WARN_UNDECLARED_SELECTOR = YES;
				GCC_WARN_UNINITIALIZED_AUTOS = YES_AGGRESSIVE;
				GCC_WARN_UNUSED_FUNCTION = YES;
				GCC_WARN_UNUSED_VARIABLE = YES;
				IPHONEOS_DEPLOYMENT_TARGET = 8.1;
				MTL_ENABLE_DEBUG_INFO = YES;
				ONLY_ACTIVE_ARCH = YES;
				SDKROOT = iphoneos;
				TARGETED_DEVICE_FAMILY = "1,2";
			};
			name = Debug;
		};
		EE044B121B4C53200052CC67 /* Release */ = {
			isa = XCBuildConfiguration;
			buildSettings = {
				ALWAYS_SEARCH_USER_PATHS = NO;
				CLANG_CXX_LANGUAGE_STANDARD = "gnu++0x";
				CLANG_CXX_LIBRARY = "libc++";
				CLANG_ENABLE_MODULES = YES;
				CLANG_ENABLE_OBJC_ARC = YES;
				CLANG_WARN_BOOL_CONVERSION = YES;
				CLANG_WARN_CONSTANT_CONVERSION = YES;
				CLANG_WARN_DIRECT_OBJC_ISA_USAGE = YES_ERROR;
				CLANG_WARN_EMPTY_BODY = YES;
				CLANG_WARN_ENUM_CONVERSION = YES;
				CLANG_WARN_INT_CONVERSION = YES;
				CLANG_WARN_OBJC_ROOT_CLASS = YES_ERROR;
				CLANG_WARN_UNREACHABLE_CODE = YES;
				CLANG_WARN__DUPLICATE_METHOD_MATCH = YES;
				"CODE_SIGN_IDENTITY[sdk=iphoneos*]" = "iPhone Developer";
				COPY_PHASE_STRIP = YES;
				ENABLE_NS_ASSERTIONS = NO;
				ENABLE_STRICT_OBJC_MSGSEND = YES;
				GCC_C_LANGUAGE_STANDARD = gnu99;
				GCC_WARN_64_TO_32_BIT_CONVERSION = YES;
				GCC_WARN_ABOUT_RETURN_TYPE = YES_ERROR;
				GCC_WARN_UNDECLARED_SELECTOR = YES;
				GCC_WARN_UNINITIALIZED_AUTOS = YES_AGGRESSIVE;
				GCC_WARN_UNUSED_FUNCTION = YES;
				GCC_WARN_UNUSED_VARIABLE = YES;
				IPHONEOS_DEPLOYMENT_TARGET = 8.1;
				MTL_ENABLE_DEBUG_INFO = NO;
				SDKROOT = iphoneos;
				TARGETED_DEVICE_FAMILY = "1,2";
				VALIDATE_PRODUCT = YES;
			};
			name = Release;
		};
		EE044B141B4C53200052CC67 /* Debug */ = {
			isa = XCBuildConfiguration;
			buildSettings = {
				ASSETCATALOG_COMPILER_APPICON_NAME = AppIcon;
				INFOPLIST_FILE = PuulProject/Info.plist;
				LD_RUNPATH_SEARCH_PATHS = "$(inherited) @executable_path/Frameworks";
				PRODUCT_NAME = "$(TARGET_NAME)";
			};
			name = Debug;
		};
		EE044B151B4C53200052CC67 /* Release */ = {
			isa = XCBuildConfiguration;
			buildSettings = {
				ASSETCATALOG_COMPILER_APPICON_NAME = AppIcon;
				INFOPLIST_FILE = PuulProject/Info.plist;
				LD_RUNPATH_SEARCH_PATHS = "$(inherited) @executable_path/Frameworks";
				PRODUCT_NAME = "$(TARGET_NAME)";
			};
			name = Release;
		};
		EE044B171B4C53200052CC67 /* Debug */ = {
			isa = XCBuildConfiguration;
			buildSettings = {
				BUNDLE_LOADER = "$(TEST_HOST)";
				FRAMEWORK_SEARCH_PATHS = (
					"$(SDKROOT)/Developer/Library/Frameworks",
					"$(inherited)",
				);
				GCC_PREPROCESSOR_DEFINITIONS = (
					"DEBUG=1",
					"$(inherited)",
				);
				INFOPLIST_FILE = PuulProjectTests/Info.plist;
				LD_RUNPATH_SEARCH_PATHS = "$(inherited) @executable_path/Frameworks @loader_path/Frameworks";
				PRODUCT_NAME = "$(TARGET_NAME)";
				TEST_HOST = "$(BUILT_PRODUCTS_DIR)/PuulProject.app/PuulProject";
			};
			name = Debug;
		};
		EE044B181B4C53200052CC67 /* Release */ = {
			isa = XCBuildConfiguration;
			buildSettings = {
				BUNDLE_LOADER = "$(TEST_HOST)";
				FRAMEWORK_SEARCH_PATHS = (
					"$(SDKROOT)/Developer/Library/Frameworks",
					"$(inherited)",
				);
				INFOPLIST_FILE = PuulProjectTests/Info.plist;
				LD_RUNPATH_SEARCH_PATHS = "$(inherited) @executable_path/Frameworks @loader_path/Frameworks";
				PRODUCT_NAME = "$(TARGET_NAME)";
				TEST_HOST = "$(BUILT_PRODUCTS_DIR)/PuulProject.app/PuulProject";
			};
			name = Release;
		};
/* End XCBuildConfiguration section */

/* Begin XCConfigurationList section */
		EE044AEB1B4C531F0052CC67 /* Build configuration list for PBXProject "PuulProject" */ = {
			isa = XCConfigurationList;
			buildConfigurations = (
				EE044B111B4C53200052CC67 /* Debug */,
				EE044B121B4C53200052CC67 /* Release */,
			);
			defaultConfigurationIsVisible = 0;
			defaultConfigurationName = Release;
		};
		EE044B131B4C53200052CC67 /* Build configuration list for PBXNativeTarget "PuulProject" */ = {
			isa = XCConfigurationList;
			buildConfigurations = (
				EE044B141B4C53200052CC67 /* Debug */,
				EE044B151B4C53200052CC67 /* Release */,
			);
			defaultConfigurationIsVisible = 0;
		};
		EE044B161B4C53200052CC67 /* Build configuration list for PBXNativeTarget "PuulProjectTests" */ = {
			isa = XCConfigurationList;
			buildConfigurations = (
				EE044B171B4C53200052CC67 /* Debug */,
				EE044B181B4C53200052CC67 /* Release */,
			);
			defaultConfigurationIsVisible = 0;
		};
/* End XCConfigurationList section */
	};
	rootObject = EE044AE81B4C531F0052CC67 /* Project object */;
}
