// !$*UTF8*$!
{
	archiveVersion = 1;
	classes = {
	};
	objectVersion = 46;
	objects = {

/* Begin PBXBuildFile section */
		3F5CA66B1D3FC120ABAB9502 /* libPods.a in Frameworks */ = {isa = PBXBuildFile; fileRef = A76AE4D1D033A516C1D3BA79 /* libPods.a */; };
		EE044AF61B4C531F0052CC67 /* main.m in Sources */ = {isa = PBXBuildFile; fileRef = EE044AF51B4C531F0052CC67 /* main.m */; };
		EE044AF91B4C531F0052CC67 /* AppDelegate.m in Sources */ = {isa = PBXBuildFile; fileRef = EE044AF81B4C531F0052CC67 /* AppDelegate.m */; };
		EE044AFF1B4C531F0052CC67 /* Main.storyboard in Resources */ = {isa = PBXBuildFile; fileRef = EE044AFD1B4C531F0052CC67 /* Main.storyboard */; };
		EE044B011B4C531F0052CC67 /* Images.xcassets in Resources */ = {isa = PBXBuildFile; fileRef = EE044B001B4C531F0052CC67 /* Images.xcassets */; };
		EE044B041B4C531F0052CC67 /* LaunchScreen.xib in Resources */ = {isa = PBXBuildFile; fileRef = EE044B021B4C531F0052CC67 /* LaunchScreen.xib */; };
		EE044B101B4C53200052CC67 /* PuulProjectTests.m in Sources */ = {isa = PBXBuildFile; fileRef = EE044B0F1B4C53200052CC67 /* PuulProjectTests.m */; };
		EE29B9531B711E3300F0C790 /* GreenAnnotation.m in Sources */ = {isa = PBXBuildFile; fileRef = EE29B9521B711E3300F0C790 /* GreenAnnotation.m */; };
		EE48F6C61B4C6B9700E6792C /* PUUtility.m in Sources */ = {isa = PBXBuildFile; fileRef = EE48F6C51B4C6B9700E6792C /* PUUtility.m */; };
		EE48F6CD1B4C6BB900E6792C /* UIColor+PUColors.m in Sources */ = {isa = PBXBuildFile; fileRef = EE48F6CB1B4C6BB900E6792C /* UIColor+PUColors.m */; };
		EE48F6D71B4C807100E6792C /* PURoute.m in Sources */ = {isa = PBXBuildFile; fileRef = EE48F6D61B4C807100E6792C /* PURoute.m */; };
		EE48F6E91B4D8AEF00E6792C /* SignUpViewController.m in Sources */ = {isa = PBXBuildFile; fileRef = EE48F6E81B4D8AEF00E6792C /* SignUpViewController.m */; };
		EE48F6EF1B4DA1CE00E6792C /* LoginViewController.m in Sources */ = {isa = PBXBuildFile; fileRef = EE48F6EE1B4DA1CE00E6792C /* LoginViewController.m */; };
		EE48F6F61B4DBB2D00E6792C /* ProfileViewController.m in Sources */ = {isa = PBXBuildFile; fileRef = EE48F6F51B4DBB2D00E6792C /* ProfileViewController.m */; };
		EE48F6F91B4DBC4E00E6792C /* SettingsViewController.m in Sources */ = {isa = PBXBuildFile; fileRef = EE48F6F81B4DBC4E00E6792C /* SettingsViewController.m */; };
		EE48F6FC1B4EE97C00E6792C /* MainViewController.m in Sources */ = {isa = PBXBuildFile; fileRef = EE48F6FB1B4EE97C00E6792C /* MainViewController.m */; };
		EE48F7051B4EF19B00E6792C /* FeedViewController.m in Sources */ = {isa = PBXBuildFile; fileRef = EE48F7041B4EF19B00E6792C /* FeedViewController.m */; };
		EE48F70A1B4EFA0400E6792C /* createRoute@2x.png in Resources */ = {isa = PBXBuildFile; fileRef = EE48F7061B4EFA0400E6792C /* createRoute@2x.png */; };
		EE48F70B1B4EFA0400E6792C /* feed@2x.png in Resources */ = {isa = PBXBuildFile; fileRef = EE48F7071B4EFA0400E6792C /* feed@2x.png */; };
		EE48F70C1B4EFA0400E6792C /* profile@2x.png in Resources */ = {isa = PBXBuildFile; fileRef = EE48F7081B4EFA0400E6792C /* profile@2x.png */; };
		EE48F70D1B4EFA0400E6792C /* settings@2x.png in Resources */ = {isa = PBXBuildFile; fileRef = EE48F7091B4EFA0400E6792C /* settings@2x.png */; };
		EE4C70221B5D6F7E001C50B9 /* MapKit.framework in Frameworks */ = {isa = PBXBuildFile; fileRef = EE4C70211B5D6F7E001C50B9 /* MapKit.framework */; };
		EE4C70241B5D7216001C50B9 /* CoreLocation.framework in Frameworks */ = {isa = PBXBuildFile; fileRef = EE4C70231B5D7216001C50B9 /* CoreLocation.framework */; };
		EE4C70271B5D9477001C50B9 /* Annotation.m in Sources */ = {isa = PBXBuildFile; fileRef = EE4C70261B5D9477001C50B9 /* Annotation.m */; };
		EE4C702B1B5D99D5001C50B9 /* HW.png in Resources */ = {isa = PBXBuildFile; fileRef = EE4C702A1B5D99D5001C50B9 /* HW.png */; };
		EE4C702E1B614FAA001C50B9 /* RideAnnotations.m in Sources */ = {isa = PBXBuildFile; fileRef = EE4C702D1B614FAA001C50B9 /* RideAnnotations.m */; };
		EE4C70321B615420001C50B9 /* home153.png in Resources */ = {isa = PBXBuildFile; fileRef = EE4C70311B615420001C50B9 /* home153.png */; };
		EE4C70371B6698A0001C50B9 /* global.m in Sources */ = {isa = PBXBuildFile; fileRef = EE4C70361B6698A0001C50B9 /* global.m */; };
		EE5CA88A1B728392009B3270 /* AboutViewController.m in Sources */ = {isa = PBXBuildFile; fileRef = EE5CA8891B728392009B3270 /* AboutViewController.m */; };
		EE5CA88D1B7283AC009B3270 /* TermsViewController.m in Sources */ = {isa = PBXBuildFile; fileRef = EE5CA88C1B7283AC009B3270 /* TermsViewController.m */; };
		EE5CA8901B7283B6009B3270 /* LicensesViewController.m in Sources */ = {isa = PBXBuildFile; fileRef = EE5CA88F1B7283B6009B3270 /* LicensesViewController.m */; };
		EE5CA8931B7283CF009B3270 /* NameViewController.m in Sources */ = {isa = PBXBuildFile; fileRef = EE5CA8921B7283CF009B3270 /* NameViewController.m */; };
		EE5CA8961B7283D7009B3270 /* PhoneViewController.m in Sources */ = {isa = PBXBuildFile; fileRef = EE5CA8951B7283D7009B3270 /* PhoneViewController.m */; };
		EE5CA8991B7283DF009B3270 /* PasswordViewController.m in Sources */ = {isa = PBXBuildFile; fileRef = EE5CA8981B7283DF009B3270 /* PasswordViewController.m */; };
		EE5CA89C1B7283E8009B3270 /* EmailViewController.m in Sources */ = {isa = PBXBuildFile; fileRef = EE5CA89B1B7283E8009B3270 /* EmailViewController.m */; };
		EE5CA89F1B73BC61009B3270 /* CustomCell.m in Sources */ = {isa = PBXBuildFile; fileRef = EE5CA89E1B73BC61009B3270 /* CustomCell.m */; };
		EE9481CF1B5453C300E2DD4A /* RequestViewController.m in Sources */ = {isa = PBXBuildFile; fileRef = EE9481CE1B5453C300E2DD4A /* RequestViewController.m */; };
		EE9481D21B5453DE00E2DD4A /* GiveRideViewController.m in Sources */ = {isa = PBXBuildFile; fileRef = EE9481D11B5453DE00E2DD4A /* GiveRideViewController.m */; };
		EEEEAAE81B9808630049E733 /* UIImage+PUImageExtensions.m in Sources */ = {isa = PBXBuildFile; fileRef = EEEEAAE71B9808630049E733 /* UIImage+PUImageExtensions.m */; };
		EEF69AF91BB45076007503CD /* alarm.png in Resources */ = {isa = PBXBuildFile; fileRef = EEF69AF81BB45076007503CD /* alarm.png */; };
		EEF69AFC1BB478E0007503CD /* NotificationViewController.m in Sources */ = {isa = PBXBuildFile; fileRef = EEF69AFB1BB478E0007503CD /* NotificationViewController.m */; };
/* End PBXBuildFile section */

/* Begin PBXContainerItemProxy section */
		EE044B0A1B4C53200052CC67 /* PBXContainerItemProxy */ = {
			isa = PBXContainerItemProxy;
			containerPortal = EE044AE81B4C531F0052CC67 /* Project object */;
			proxyType = 1;
			remoteGlobalIDString = EE044AEF1B4C531F0052CC67;
			remoteInfo = PuulProject;
		};
/* End PBXContainerItemProxy section */

/* Begin PBXFileReference section */
		A76AE4D1D033A516C1D3BA79 /* libPods.a */ = {isa = PBXFileReference; explicitFileType = archive.ar; includeInIndex = 0; path = libPods.a; sourceTree = BUILT_PRODUCTS_DIR; };
		ADDDDB20B89C0A6758C8AB21 /* Pods.release.xcconfig */ = {isa = PBXFileReference; includeInIndex = 1; lastKnownFileType = text.xcconfig; name = Pods.release.xcconfig; path = "Pods/Target Support Files/Pods/Pods.release.xcconfig"; sourceTree = "<group>"; };
		B15D10C13AD0B5DC7FC15D40 /* Pods.debug.xcconfig */ = {isa = PBXFileReference; includeInIndex = 1; lastKnownFileType = text.xcconfig; name = Pods.debug.xcconfig; path = "Pods/Target Support Files/Pods/Pods.debug.xcconfig"; sourceTree = "<group>"; };
		EE044AF01B4C531F0052CC67 /* PuulProject.app */ = {isa = PBXFileReference; explicitFileType = wrapper.application; includeInIndex = 0; path = PuulProject.app; sourceTree = BUILT_PRODUCTS_DIR; };
		EE044AF41B4C531F0052CC67 /* Info.plist */ = {isa = PBXFileReference; lastKnownFileType = text.plist.xml; path = Info.plist; sourceTree = "<group>"; };
		EE044AF51B4C531F0052CC67 /* main.m */ = {isa = PBXFileReference; lastKnownFileType = sourcecode.c.objc; path = main.m; sourceTree = "<group>"; };
		EE044AF71B4C531F0052CC67 /* AppDelegate.h */ = {isa = PBXFileReference; lastKnownFileType = sourcecode.c.h; path = AppDelegate.h; sourceTree = "<group>"; };
		EE044AF81B4C531F0052CC67 /* AppDelegate.m */ = {isa = PBXFileReference; lastKnownFileType = sourcecode.c.objc; path = AppDelegate.m; sourceTree = "<group>"; };
		EE044AFE1B4C531F0052CC67 /* Base */ = {isa = PBXFileReference; lastKnownFileType = file.storyboard; name = Base; path = Base.lproj/Main.storyboard; sourceTree = "<group>"; };
		EE044B001B4C531F0052CC67 /* Images.xcassets */ = {isa = PBXFileReference; lastKnownFileType = folder.assetcatalog; path = Images.xcassets; sourceTree = "<group>"; };
		EE044B031B4C531F0052CC67 /* Base */ = {isa = PBXFileReference; lastKnownFileType = file.xib; name = Base; path = Base.lproj/LaunchScreen.xib; sourceTree = "<group>"; };
		EE044B091B4C53200052CC67 /* PuulProjectTests.xctest */ = {isa = PBXFileReference; explicitFileType = wrapper.cfbundle; includeInIndex = 0; path = PuulProjectTests.xctest; sourceTree = BUILT_PRODUCTS_DIR; };
		EE044B0E1B4C53200052CC67 /* Info.plist */ = {isa = PBXFileReference; lastKnownFileType = text.plist.xml; path = Info.plist; sourceTree = "<group>"; };
		EE044B0F1B4C53200052CC67 /* PuulProjectTests.m */ = {isa = PBXFileReference; lastKnownFileType = sourcecode.c.objc; path = PuulProjectTests.m; sourceTree = "<group>"; };
		EE29B9511B711E3300F0C790 /* GreenAnnotation.h */ = {isa = PBXFileReference; fileEncoding = 4; lastKnownFileType = sourcecode.c.h; path = GreenAnnotation.h; sourceTree = "<group>"; };
		EE29B9521B711E3300F0C790 /* GreenAnnotation.m */ = {isa = PBXFileReference; fileEncoding = 4; lastKnownFileType = sourcecode.c.objc; path = GreenAnnotation.m; sourceTree = "<group>"; };
		EE48F6C31B4C6B9700E6792C /* PUConstants.h */ = {isa = PBXFileReference; fileEncoding = 4; lastKnownFileType = sourcecode.c.h; name = PUConstants.h; path = ../oldPuul/Puul/Puul/Puul/PUConstants.h; sourceTree = "<group>"; };
		EE48F6C41B4C6B9700E6792C /* PUUtility.h */ = {isa = PBXFileReference; fileEncoding = 4; lastKnownFileType = sourcecode.c.h; name = PUUtility.h; path = /Users/davidho/Documents/PuulProject/oldPuul/Puul/Puul/Puul/PUUtility.h; sourceTree = "<absolute>"; };
		EE48F6C51B4C6B9700E6792C /* PUUtility.m */ = {isa = PBXFileReference; fileEncoding = 4; lastKnownFileType = sourcecode.c.objc; name = PUUtility.m; path = ../oldPuul/Puul/Puul/Puul/PUUtility.m; sourceTree = "<group>"; };
		EE48F6C81B4C6BB900E6792C /* UIImage+PUImageExtensions.h */ = {isa = PBXFileReference; fileEncoding = 4; lastKnownFileType = sourcecode.c.h; name = "UIImage+PUImageExtensions.h"; path = "../oldPuul/Puul/Puul/Puul/UIImage+PUImageExtensions.h"; sourceTree = "<group>"; };
		EE48F6CA1B4C6BB900E6792C /* UIColor+PUColors.h */ = {isa = PBXFileReference; fileEncoding = 4; lastKnownFileType = sourcecode.c.h; name = "UIColor+PUColors.h"; path = "../oldPuul/Puul/Puul/Puul/UIColor+PUColors.h"; sourceTree = "<group>"; };
		EE48F6CB1B4C6BB900E6792C /* UIColor+PUColors.m */ = {isa = PBXFileReference; fileEncoding = 4; lastKnownFileType = sourcecode.c.objc; name = "UIColor+PUColors.m"; path = "../oldPuul/Puul/Puul/Puul/UIColor+PUColors.m"; sourceTree = "<group>"; };
		EE48F6D51B4C807100E6792C /* PURoute.h */ = {isa = PBXFileReference; fileEncoding = 4; lastKnownFileType = sourcecode.c.h; name = PURoute.h; path = ../oldPuul/Puul/Puul/Puul/PURoute.h; sourceTree = "<group>"; };
		EE48F6D61B4C807100E6792C /* PURoute.m */ = {isa = PBXFileReference; fileEncoding = 4; lastKnownFileType = sourcecode.c.objc; name = PURoute.m; path = ../oldPuul/Puul/Puul/Puul/PURoute.m; sourceTree = "<group>"; };
		EE48F6E71B4D8AEF00E6792C /* SignUpViewController.h */ = {isa = PBXFileReference; fileEncoding = 4; lastKnownFileType = sourcecode.c.h; path = SignUpViewController.h; sourceTree = "<group>"; };
		EE48F6E81B4D8AEF00E6792C /* SignUpViewController.m */ = {isa = PBXFileReference; fileEncoding = 4; lastKnownFileType = sourcecode.c.objc; path = SignUpViewController.m; sourceTree = "<group>"; };
		EE48F6ED1B4DA1CE00E6792C /* LoginViewController.h */ = {isa = PBXFileReference; fileEncoding = 4; lastKnownFileType = sourcecode.c.h; path = LoginViewController.h; sourceTree = "<group>"; };
		EE48F6EE1B4DA1CE00E6792C /* LoginViewController.m */ = {isa = PBXFileReference; fileEncoding = 4; lastKnownFileType = sourcecode.c.objc; path = LoginViewController.m; sourceTree = "<group>"; };
		EE48F6F41B4DBB2D00E6792C /* ProfileViewController.h */ = {isa = PBXFileReference; fileEncoding = 4; lastKnownFileType = sourcecode.c.h; path = ProfileViewController.h; sourceTree = "<group>"; };
		EE48F6F51B4DBB2D00E6792C /* ProfileViewController.m */ = {isa = PBXFileReference; fileEncoding = 4; lastKnownFileType = sourcecode.c.objc; path = ProfileViewController.m; sourceTree = "<group>"; };
		EE48F6F71B4DBC4E00E6792C /* SettingsViewController.h */ = {isa = PBXFileReference; fileEncoding = 4; lastKnownFileType = sourcecode.c.h; path = SettingsViewController.h; sourceTree = "<group>"; };
		EE48F6F81B4DBC4E00E6792C /* SettingsViewController.m */ = {isa = PBXFileReference; fileEncoding = 4; lastKnownFileType = sourcecode.c.objc; path = SettingsViewController.m; sourceTree = "<group>"; };
		EE48F6FA1B4EE97C00E6792C /* MainViewController.h */ = {isa = PBXFileReference; fileEncoding = 4; lastKnownFileType = sourcecode.c.h; path = MainViewController.h; sourceTree = "<group>"; };
		EE48F6FB1B4EE97C00E6792C /* MainViewController.m */ = {isa = PBXFileReference; fileEncoding = 4; lastKnownFileType = sourcecode.c.objc; path = MainViewController.m; sourceTree = "<group>"; };
		EE48F7031B4EF19B00E6792C /* FeedViewController.h */ = {isa = PBXFileReference; fileEncoding = 4; lastKnownFileType = sourcecode.c.h; name = FeedViewController.h; path = ../FeedViewController.h; sourceTree = "<group>"; };
		EE48F7041B4EF19B00E6792C /* FeedViewController.m */ = {isa = PBXFileReference; fileEncoding = 4; lastKnownFileType = sourcecode.c.objc; name = FeedViewController.m; path = ../FeedViewController.m; sourceTree = "<group>"; };
		EE48F7061B4EFA0400E6792C /* createRoute@2x.png */ = {isa = PBXFileReference; lastKnownFileType = image.png; name = "createRoute@2x.png"; path = "../oldPuul/Puul/Puul/createRoute@2x.png"; sourceTree = "<group>"; };
		EE48F7071B4EFA0400E6792C /* feed@2x.png */ = {isa = PBXFileReference; lastKnownFileType = image.png; name = "feed@2x.png"; path = "../oldPuul/Puul/Puul/feed@2x.png"; sourceTree = "<group>"; };
		EE48F7081B4EFA0400E6792C /* profile@2x.png */ = {isa = PBXFileReference; lastKnownFileType = image.png; name = "profile@2x.png"; path = "../oldPuul/Puul/Puul/profile@2x.png"; sourceTree = "<group>"; };
		EE48F7091B4EFA0400E6792C /* settings@2x.png */ = {isa = PBXFileReference; lastKnownFileType = image.png; name = "settings@2x.png"; path = "../oldPuul/Puul/Puul/settings@2x.png"; sourceTree = "<group>"; };
		EE4C70211B5D6F7E001C50B9 /* MapKit.framework */ = {isa = PBXFileReference; lastKnownFileType = wrapper.framework; name = MapKit.framework; path = System/Library/Frameworks/MapKit.framework; sourceTree = SDKROOT; };
		EE4C70231B5D7216001C50B9 /* CoreLocation.framework */ = {isa = PBXFileReference; lastKnownFileType = wrapper.framework; name = CoreLocation.framework; path = System/Library/Frameworks/CoreLocation.framework; sourceTree = SDKROOT; };
		EE4C70251B5D9477001C50B9 /* Annotation.h */ = {isa = PBXFileReference; fileEncoding = 4; lastKnownFileType = sourcecode.c.h; path = Annotation.h; sourceTree = "<group>"; };
		EE4C70261B5D9477001C50B9 /* Annotation.m */ = {isa = PBXFileReference; fileEncoding = 4; lastKnownFileType = sourcecode.c.objc; path = Annotation.m; sourceTree = "<group>"; };
		EE4C702A1B5D99D5001C50B9 /* HW.png */ = {isa = PBXFileReference; lastKnownFileType = image.png; name = HW.png; path = ../oldPuul/HW.png; sourceTree = "<group>"; };
		EE4C702C1B614FAA001C50B9 /* RideAnnotations.h */ = {isa = PBXFileReference; fileEncoding = 4; lastKnownFileType = sourcecode.c.h; path = RideAnnotations.h; sourceTree = "<group>"; };
		EE4C702D1B614FAA001C50B9 /* RideAnnotations.m */ = {isa = PBXFileReference; fileEncoding = 4; lastKnownFileType = sourcecode.c.objc; path = RideAnnotations.m; sourceTree = "<group>"; };
		EE4C70311B615420001C50B9 /* home153.png */ = {isa = PBXFileReference; lastKnownFileType = image.png; name = home153.png; path = ../oldPuul/home153.png; sourceTree = "<group>"; };
		EE4C70331B619956001C50B9 /* Icon-60@3x.png */ = {isa = PBXFileReference; lastKnownFileType = image.png; name = "Icon-60@3x.png"; path = "../../../Downloads/icon/ios/AppIcon.appiconset/Icon-60@3x.png"; sourceTree = "<group>"; };
		EE4C70351B6698A0001C50B9 /* global.h */ = {isa = PBXFileReference; fileEncoding = 4; lastKnownFileType = sourcecode.c.h; path = global.h; sourceTree = "<group>"; };
		EE4C70361B6698A0001C50B9 /* global.m */ = {isa = PBXFileReference; fileEncoding = 4; lastKnownFileType = sourcecode.c.objc; path = global.m; sourceTree = "<group>"; };
		EE5CA8881B728392009B3270 /* AboutViewController.h */ = {isa = PBXFileReference; fileEncoding = 4; lastKnownFileType = sourcecode.c.h; path = AboutViewController.h; sourceTree = "<group>"; };
		EE5CA8891B728392009B3270 /* AboutViewController.m */ = {isa = PBXFileReference; fileEncoding = 4; lastKnownFileType = sourcecode.c.objc; path = AboutViewController.m; sourceTree = "<group>"; };
		EE5CA88B1B7283AC009B3270 /* TermsViewController.h */ = {isa = PBXFileReference; fileEncoding = 4; lastKnownFileType = sourcecode.c.h; path = TermsViewController.h; sourceTree = "<group>"; };
		EE5CA88C1B7283AC009B3270 /* TermsViewController.m */ = {isa = PBXFileReference; fileEncoding = 4; lastKnownFileType = sourcecode.c.objc; path = TermsViewController.m; sourceTree = "<group>"; };
		EE5CA88E1B7283B6009B3270 /* LicensesViewController.h */ = {isa = PBXFileReference; fileEncoding = 4; lastKnownFileType = sourcecode.c.h; path = LicensesViewController.h; sourceTree = "<group>"; };
		EE5CA88F1B7283B6009B3270 /* LicensesViewController.m */ = {isa = PBXFileReference; fileEncoding = 4; lastKnownFileType = sourcecode.c.objc; path = LicensesViewController.m; sourceTree = "<group>"; };
		EE5CA8911B7283CF009B3270 /* NameViewController.h */ = {isa = PBXFileReference; fileEncoding = 4; lastKnownFileType = sourcecode.c.h; path = NameViewController.h; sourceTree = "<group>"; };
		EE5CA8921B7283CF009B3270 /* NameViewController.m */ = {isa = PBXFileReference; fileEncoding = 4; lastKnownFileType = sourcecode.c.objc; path = NameViewController.m; sourceTree = "<group>"; };
		EE5CA8941B7283D7009B3270 /* PhoneViewController.h */ = {isa = PBXFileReference; fileEncoding = 4; lastKnownFileType = sourcecode.c.h; path = PhoneViewController.h; sourceTree = "<group>"; };
		EE5CA8951B7283D7009B3270 /* PhoneViewController.m */ = {isa = PBXFileReference; fileEncoding = 4; lastKnownFileType = sourcecode.c.objc; path = PhoneViewController.m; sourceTree = "<group>"; };
		EE5CA8971B7283DF009B3270 /* PasswordViewController.h */ = {isa = PBXFileReference; fileEncoding = 4; lastKnownFileType = sourcecode.c.h; path = PasswordViewController.h; sourceTree = "<group>"; };
		EE5CA8981B7283DF009B3270 /* PasswordViewController.m */ = {isa = PBXFileReference; fileEncoding = 4; lastKnownFileType = sourcecode.c.objc; path = PasswordViewController.m; sourceTree = "<group>"; };
		EE5CA89A1B7283E8009B3270 /* EmailViewController.h */ = {isa = PBXFileReference; fileEncoding = 4; lastKnownFileType = sourcecode.c.h; path = EmailViewController.h; sourceTree = "<group>"; };
		EE5CA89B1B7283E8009B3270 /* EmailViewController.m */ = {isa = PBXFileReference; fileEncoding = 4; lastKnownFileType = sourcecode.c.objc; path = EmailViewController.m; sourceTree = "<group>"; };
		EE5CA89D1B73BC61009B3270 /* CustomCell.h */ = {isa = PBXFileReference; fileEncoding = 4; lastKnownFileType = sourcecode.c.h; path = CustomCell.h; sourceTree = "<group>"; };
		EE5CA89E1B73BC61009B3270 /* CustomCell.m */ = {isa = PBXFileReference; fileEncoding = 4; lastKnownFileType = sourcecode.c.objc; path = CustomCell.m; sourceTree = "<group>"; };
		EE9481CD1B5453C300E2DD4A /* RequestViewController.h */ = {isa = PBXFileReference; fileEncoding = 4; lastKnownFileType = sourcecode.c.h; path = RequestViewController.h; sourceTree = "<group>"; };
		EE9481CE1B5453C300E2DD4A /* RequestViewController.m */ = {isa = PBXFileReference; fileEncoding = 4; lastKnownFileType = sourcecode.c.objc; path = RequestViewController.m; sourceTree = "<group>"; };
		EE9481D01B5453DE00E2DD4A /* GiveRideViewController.h */ = {isa = PBXFileReference; fileEncoding = 4; lastKnownFileType = sourcecode.c.h; path = GiveRideViewController.h; sourceTree = "<group>"; };
		EE9481D11B5453DE00E2DD4A /* GiveRideViewController.m */ = {isa = PBXFileReference; fileEncoding = 4; lastKnownFileType = sourcecode.c.objc; path = GiveRideViewController.m; sourceTree = "<group>"; };
		EEEEAAE71B9808630049E733 /* UIImage+PUImageExtensions.m */ = {isa = PBXFileReference; fileEncoding = 4; lastKnownFileType = sourcecode.c.objc; name = "UIImage+PUImageExtensions.m"; path = "oldPuul/Puul/Puul/UIImage+PUImageExtensions.m"; sourceTree = SOURCE_ROOT; };
		EEF69AF81BB45076007503CD /* alarm.png */ = {isa = PBXFileReference; lastKnownFileType = image.png; name = alarm.png; path = oldPuul/alarm.png; sourceTree = SOURCE_ROOT; };
		EEF69AFA1BB478E0007503CD /* NotificationViewController.h */ = {isa = PBXFileReference; fileEncoding = 4; lastKnownFileType = sourcecode.c.h; path = NotificationViewController.h; sourceTree = "<group>"; };
		EEF69AFB1BB478E0007503CD /* NotificationViewController.m */ = {isa = PBXFileReference; fileEncoding = 4; lastKnownFileType = sourcecode.c.objc; path = NotificationViewController.m; sourceTree = "<group>"; };
/* End PBXFileReference section */

/* Begin PBXFrameworksBuildPhase section */
		EE044AED1B4C531F0052CC67 /* Frameworks */ = {
			isa = PBXFrameworksBuildPhase;
			buildActionMask = 2147483647;
			files = (
				EE4C70241B5D7216001C50B9 /* CoreLocation.framework in Frameworks */,
				EE4C70221B5D6F7E001C50B9 /* MapKit.framework in Frameworks */,
				3F5CA66B1D3FC120ABAB9502 /* libPods.a in Frameworks */,
			);
			runOnlyForDeploymentPostprocessing = 0;
		};
		EE044B061B4C53200052CC67 /* Frameworks */ = {
			isa = PBXFrameworksBuildPhase;
			buildActionMask = 2147483647;
			files = (
			);
			runOnlyForDeploymentPostprocessing = 0;
		};
/* End PBXFrameworksBuildPhase section */

/* Begin PBXGroup section */
		11A3C42616522C4A861BC748 /* Frameworks */ = {
			isa = PBXGroup;
			children = (
				EE4C70231B5D7216001C50B9 /* CoreLocation.framework */,
				EE4C70211B5D6F7E001C50B9 /* MapKit.framework */,
				A76AE4D1D033A516C1D3BA79 /* libPods.a */,
			);
			name = Frameworks;
			sourceTree = "<group>";
		};
		C1EEFACEB873FABD715B625D /* Pods */ = {
			isa = PBXGroup;
			children = (
				B15D10C13AD0B5DC7FC15D40 /* Pods.debug.xcconfig */,
				ADDDDB20B89C0A6758C8AB21 /* Pods.release.xcconfig */,
			);
			name = Pods;
			sourceTree = "<group>";
		};
		EE044AE71B4C531F0052CC67 = {
			isa = PBXGroup;
			children = (
				EE044AF21B4C531F0052CC67 /* PuulProject */,
				EE044B0C1B4C53200052CC67 /* PuulProjectTests */,
				EE044AF11B4C531F0052CC67 /* Products */,
				C1EEFACEB873FABD715B625D /* Pods */,
				11A3C42616522C4A861BC748 /* Frameworks */,
			);
			sourceTree = "<group>";
		};
		EE044AF11B4C531F0052CC67 /* Products */ = {
			isa = PBXGroup;
			children = (
				EE044AF01B4C531F0052CC67 /* PuulProject.app */,
				EE044B091B4C53200052CC67 /* PuulProjectTests.xctest */,
			);
			name = Products;
			sourceTree = "<group>";
		};
		EE044AF21B4C531F0052CC67 /* PuulProject */ = {
			isa = PBXGroup;
			children = (
				EE48F70E1B4EFA0E00E6792C /* Resources */,
				EE48F6C21B4C6B8200E6792C /* Utility */,
				EE48F6C71B4C6BA400E6792C /* Extentions */,
				EE044AF71B4C531F0052CC67 /* AppDelegate.h */,
				EE044AF81B4C531F0052CC67 /* AppDelegate.m */,
				EE48F6D81B4C80B100E6792C /* Route */,
				EE48F6D91B4C80DC00E6792C /* View Controllers */,
				EE044B001B4C531F0052CC67 /* Images.xcassets */,
				EE044AFD1B4C531F0052CC67 /* Main.storyboard */,
				EE044B021B4C531F0052CC67 /* LaunchScreen.xib */,
				EE044AF31B4C531F0052CC67 /* Supporting Files */,
			);
			path = PuulProject;
			sourceTree = "<group>";
		};
		EE044AF31B4C531F0052CC67 /* Supporting Files */ = {
			isa = PBXGroup;
			children = (
				EE044AF41B4C531F0052CC67 /* Info.plist */,
				EE044AF51B4C531F0052CC67 /* main.m */,
			);
			name = "Supporting Files";
			sourceTree = "<group>";
		};
		EE044B0C1B4C53200052CC67 /* PuulProjectTests */ = {
			isa = PBXGroup;
			children = (
				EE044B0F1B4C53200052CC67 /* PuulProjectTests.m */,
				EE044B0D1B4C53200052CC67 /* Supporting Files */,
			);
			path = PuulProjectTests;
			sourceTree = "<group>";
		};
		EE044B0D1B4C53200052CC67 /* Supporting Files */ = {
			isa = PBXGroup;
			children = (
				EE044B0E1B4C53200052CC67 /* Info.plist */,
			);
			name = "Supporting Files";
			sourceTree = "<group>";
		};
		EE48F6C21B4C6B8200E6792C /* Utility */ = {
			isa = PBXGroup;
			children = (
				EE48F6C31B4C6B9700E6792C /* PUConstants.h */,
				EE48F6C41B4C6B9700E6792C /* PUUtility.h */,
				EE48F6C51B4C6B9700E6792C /* PUUtility.m */,
				EE4C70351B6698A0001C50B9 /* global.h */,
				EE4C70361B6698A0001C50B9 /* global.m */,
			);
			name = Utility;
			sourceTree = "<group>";
		};
		EE48F6C71B4C6BA400E6792C /* Extentions */ = {
			isa = PBXGroup;
			children = (
				EE48F6C81B4C6BB900E6792C /* UIImage+PUImageExtensions.h */,
				EEEEAAE71B9808630049E733 /* UIImage+PUImageExtensions.m */,
				EE48F6CA1B4C6BB900E6792C /* UIColor+PUColors.h */,
				EE48F6CB1B4C6BB900E6792C /* UIColor+PUColors.m */,
			);
			name = Extentions;
			sourceTree = "<group>";
		};
		EE48F6D81B4C80B100E6792C /* Route */ = {
			isa = PBXGroup;
			children = (
				EE48F6D51B4C807100E6792C /* PURoute.h */,
				EE48F6D61B4C807100E6792C /* PURoute.m */,
			);
			name = Route;
			sourceTree = "<group>";
		};
		EE48F6D91B4C80DC00E6792C /* View Controllers */ = {
			isa = PBXGroup;
			children = (
				EE48F6F31B4DB82100E6792C /* View Controllers */,
				EE48F6F01B4DB7E300E6792C /* Start Up View Controllers */,
			);
			name = "View Controllers";
			sourceTree = "<group>";
		};
		EE48F6F01B4DB7E300E6792C /* Start Up View Controllers */ = {
			isa = PBXGroup;
			children = (
				EE48F6E71B4D8AEF00E6792C /* SignUpViewController.h */,
				EE48F6E81B4D8AEF00E6792C /* SignUpViewController.m */,
				EE48F6ED1B4DA1CE00E6792C /* LoginViewController.h */,
				EE48F6EE1B4DA1CE00E6792C /* LoginViewController.m */,
			);
			name = "Start Up View Controllers";
			sourceTree = "<group>";
		};
		EE48F6F31B4DB82100E6792C /* View Controllers */ = {
			isa = PBXGroup;
			children = (
				EE5CA8871B727DE5009B3270 /* Settings View Controllers */,
				EE48F70F1B4F24B600E6792C /* ProfileViewControllers */,
				EE48F6F71B4DBC4E00E6792C /* SettingsViewController.h */,
				EE48F6F81B4DBC4E00E6792C /* SettingsViewController.m */,
				EE48F6FA1B4EE97C00E6792C /* MainViewController.h */,
				EE48F6FB1B4EE97C00E6792C /* MainViewController.m */,
				EE48F7031B4EF19B00E6792C /* FeedViewController.h */,
				EE48F7041B4EF19B00E6792C /* FeedViewController.m */,
				EE4C70251B5D9477001C50B9 /* Annotation.h */,
				EE4C70261B5D9477001C50B9 /* Annotation.m */,
				EE4C702C1B614FAA001C50B9 /* RideAnnotations.h */,
				EE4C702D1B614FAA001C50B9 /* RideAnnotations.m */,
				EE29B9511B711E3300F0C790 /* GreenAnnotation.h */,
				EE29B9521B711E3300F0C790 /* GreenAnnotation.m */,
			);
			name = "View Controllers";
			sourceTree = "<group>";
		};
		EE48F70E1B4EFA0E00E6792C /* Resources */ = {
			isa = PBXGroup;
			children = (
				EE4C70311B615420001C50B9 /* home153.png */,
				EEF69AF81BB45076007503CD /* alarm.png */,
				EE48F7061B4EFA0400E6792C /* createRoute@2x.png */,
				EE48F7071B4EFA0400E6792C /* feed@2x.png */,
				EE48F7081B4EFA0400E6792C /* profile@2x.png */,
				EE48F7091B4EFA0400E6792C /* settings@2x.png */,
				EE4C70331B619956001C50B9 /* Icon-60@3x.png */,
				EE4C702A1B5D99D5001C50B9 /* HW.png */,
			);
			name = Resources;
			sourceTree = "<group>";
		};
		EE48F70F1B4F24B600E6792C /* ProfileViewControllers */ = {
			isa = PBXGroup;
			children = (
				EE48F6F41B4DBB2D00E6792C /* ProfileViewController.h */,
				EE48F6F51B4DBB2D00E6792C /* ProfileViewController.m */,
				EE5CA89D1B73BC61009B3270 /* CustomCell.h */,
				EE5CA89E1B73BC61009B3270 /* CustomCell.m */,
				EE9481CD1B5453C300E2DD4A /* RequestViewController.h */,
				EE9481CE1B5453C300E2DD4A /* RequestViewController.m */,
				EE9481D01B5453DE00E2DD4A /* GiveRideViewController.h */,
				EE9481D11B5453DE00E2DD4A /* GiveRideViewController.m */,
				EEF69AFA1BB478E0007503CD /* NotificationViewController.h */,
				EEF69AFB1BB478E0007503CD /* NotificationViewController.m */,
			);
			name = ProfileViewControllers;
			sourceTree = "<group>";
		};
		EE5CA8871B727DE5009B3270 /* Settings View Controllers */ = {
			isa = PBXGroup;
			children = (
				EE5CA8881B728392009B3270 /* AboutViewController.h */,
				EE5CA8891B728392009B3270 /* AboutViewController.m */,
				EE5CA88B1B7283AC009B3270 /* TermsViewController.h */,
				EE5CA88C1B7283AC009B3270 /* TermsViewController.m */,
				EE5CA88E1B7283B6009B3270 /* LicensesViewController.h */,
				EE5CA88F1B7283B6009B3270 /* LicensesViewController.m */,
				EE5CA8911B7283CF009B3270 /* NameViewController.h */,
				EE5CA8921B7283CF009B3270 /* NameViewController.m */,
				EE5CA8941B7283D7009B3270 /* PhoneViewController.h */,
				EE5CA8951B7283D7009B3270 /* PhoneViewController.m */,
				EE5CA8971B7283DF009B3270 /* PasswordViewController.h */,
				EE5CA8981B7283DF009B3270 /* PasswordViewController.m */,
				EE5CA89A1B7283E8009B3270 /* EmailViewController.h */,
				EE5CA89B1B7283E8009B3270 /* EmailViewController.m */,
			);
			name = "Settings View Controllers";
			sourceTree = "<group>";
		};
/* End PBXGroup section */

/* Begin PBXNativeTarget section */
		EE044AEF1B4C531F0052CC67 /* PuulProject */ = {
			isa = PBXNativeTarget;
			buildConfigurationList = EE044B131B4C53200052CC67 /* Build configuration list for PBXNativeTarget "PuulProject" */;
			buildPhases = (
				D1F5CE563249BD4BD19A7815 /* Check Pods Manifest.lock */,
				EE044AEC1B4C531F0052CC67 /* Sources */,
				EE044AED1B4C531F0052CC67 /* Frameworks */,
				EE044AEE1B4C531F0052CC67 /* Resources */,
				E7DA2BCA414E25B549ADDFC0 /* Copy Pods Resources */,
			);
			buildRules = (
			);
			dependencies = (
			);
			name = PuulProject;
			productName = PuulProject;
			productReference = EE044AF01B4C531F0052CC67 /* PuulProject.app */;
			productType = "com.apple.product-type.application";
		};
		EE044B081B4C53200052CC67 /* PuulProjectTests */ = {
			isa = PBXNativeTarget;
			buildConfigurationList = EE044B161B4C53200052CC67 /* Build configuration list for PBXNativeTarget "PuulProjectTests" */;
			buildPhases = (
				EE044B051B4C53200052CC67 /* Sources */,
				EE044B061B4C53200052CC67 /* Frameworks */,
				EE044B071B4C53200052CC67 /* Resources */,
			);
			buildRules = (
			);
			dependencies = (
				EE044B0B1B4C53200052CC67 /* PBXTargetDependency */,
			);
			name = PuulProjectTests;
			productName = PuulProjectTests;
			productReference = EE044B091B4C53200052CC67 /* PuulProjectTests.xctest */;
			productType = "com.apple.product-type.bundle.unit-test";
		};
/* End PBXNativeTarget section */

/* Begin PBXProject section */
		EE044AE81B4C531F0052CC67 /* Project object */ = {
			isa = PBXProject;
			attributes = {
				LastUpgradeCheck = 0610;
				ORGANIZATIONNAME = "David Ho";
				TargetAttributes = {
					EE044AEF1B4C531F0052CC67 = {
						CreatedOnToolsVersion = 6.1.1;
						DevelopmentTeam = S35T766899;
					};
					EE044B081B4C53200052CC67 = {
						CreatedOnToolsVersion = 6.1.1;
						TestTargetID = EE044AEF1B4C531F0052CC67;
					};
				};
			};
			buildConfigurationList = EE044AEB1B4C531F0052CC67 /* Build configuration list for PBXProject "PuulProject" */;
			compatibilityVersion = "Xcode 3.2";
			developmentRegion = English;
			hasScannedForEncodings = 0;
			knownRegions = (
				en,
				Base,
			);
			mainGroup = EE044AE71B4C531F0052CC67;
			productRefGroup = EE044AF11B4C531F0052CC67 /* Products */;
			projectDirPath = "";
			projectRoot = "";
			targets = (
				EE044AEF1B4C531F0052CC67 /* PuulProject */,
				EE044B081B4C53200052CC67 /* PuulProjectTests */,
			);
		};
/* End PBXProject section */

/* Begin PBXResourcesBuildPhase section */
		EE044AEE1B4C531F0052CC67 /* Resources */ = {
			isa = PBXResourcesBuildPhase;
			buildActionMask = 2147483647;
			files = (
				EE4C702B1B5D99D5001C50B9 /* HW.png in Resources */,
				EE044AFF1B4C531F0052CC67 /* Main.storyboard in Resources */,
				EE044B041B4C531F0052CC67 /* LaunchScreen.xib in Resources */,
				EE48F70D1B4EFA0400E6792C /* settings@2x.png in Resources */,
				EEF69AF91BB45076007503CD /* alarm.png in Resources */,
				EE48F70C1B4EFA0400E6792C /* profile@2x.png in Resources */,
				EE48F70B1B4EFA0400E6792C /* feed@2x.png in Resources */,
				EE4C70321B615420001C50B9 /* home153.png in Resources */,
				EE48F70A1B4EFA0400E6792C /* createRoute@2x.png in Resources */,
				EE044B011B4C531F0052CC67 /* Images.xcassets in Resources */,
			);
			runOnlyForDeploymentPostprocessing = 0;
		};
		EE044B071B4C53200052CC67 /* Resources */ = {
			isa = PBXResourcesBuildPhase;
			buildActionMask = 2147483647;
			files = (
			);
			runOnlyForDeploymentPostprocessing = 0;
		};
/* End PBXResourcesBuildPhase section */

/* Begin PBXShellScriptBuildPhase section */
		D1F5CE563249BD4BD19A7815 /* Check Pods Manifest.lock */ = {
			isa = PBXShellScriptBuildPhase;
			buildActionMask = 2147483647;
			files = (
			);
			inputPaths = (
			);
			name = "Check Pods Manifest.lock";
			outputPaths = (
			);
			runOnlyForDeploymentPostprocessing = 0;
			shellPath = /bin/sh;
			shellScript = "diff \"${PODS_ROOT}/../Podfile.lock\" \"${PODS_ROOT}/Manifest.lock\" > /dev/null\nif [[ $? != 0 ]] ; then\n    cat << EOM\nerror: The sandbox is not in sync with the Podfile.lock. Run 'pod install' or update your CocoaPods installation.\nEOM\n    exit 1\nfi\n";
			showEnvVarsInLog = 0;
		};
		E7DA2BCA414E25B549ADDFC0 /* Copy Pods Resources */ = {
			isa = PBXShellScriptBuildPhase;
			buildActionMask = 2147483647;
			files = (
			);
			inputPaths = (
			);
			name = "Copy Pods Resources";
			outputPaths = (
			);
			runOnlyForDeploymentPostprocessing = 0;
			shellPath = /bin/sh;
			shellScript = "\"${SRCROOT}/Pods/Target Support Files/Pods/Pods-resources.sh\"\n";
			showEnvVarsInLog = 0;
		};
/* End PBXShellScriptBuildPhase section */

/* Begin PBXSourcesBuildPhase section */
		EE044AEC1B4C531F0052CC67 /* Sources */ = {
			isa = PBXSourcesBuildPhase;
			buildActionMask = 2147483647;
			files = (
				EE5CA89C1B7283E8009B3270 /* EmailViewController.m in Sources */,
				EE4C70271B5D9477001C50B9 /* Annotation.m in Sources */,
				EE48F6D71B4C807100E6792C /* PURoute.m in Sources */,
				EE5CA8901B7283B6009B3270 /* LicensesViewController.m in Sources */,
				EE29B9531B711E3300F0C790 /* GreenAnnotation.m in Sources */,
				EEF69AFC1BB478E0007503CD /* NotificationViewController.m in Sources */,
				EE9481D21B5453DE00E2DD4A /* GiveRideViewController.m in Sources */,
				EEEEAAE81B9808630049E733 /* UIImage+PUImageExtensions.m in Sources */,
				EE5CA8991B7283DF009B3270 /* PasswordViewController.m in Sources */,
				EE044AF91B4C531F0052CC67 /* AppDelegate.m in Sources */,
				EE48F6F91B4DBC4E00E6792C /* SettingsViewController.m in Sources */,
				EE48F6FC1B4EE97C00E6792C /* MainViewController.m in Sources */,
				EE48F6CD1B4C6BB900E6792C /* UIColor+PUColors.m in Sources */,
				EE48F6EF1B4DA1CE00E6792C /* LoginViewController.m in Sources */,
				EE5CA89F1B73BC61009B3270 /* CustomCell.m in Sources */,
				EE044AF61B4C531F0052CC67 /* main.m in Sources */,
				EE5CA88D1B7283AC009B3270 /* TermsViewController.m in Sources */,
				EE9481CF1B5453C300E2DD4A /* RequestViewController.m in Sources */,
				EE4C70371B6698A0001C50B9 /* global.m in Sources */,
				EE5CA88A1B728392009B3270 /* AboutViewController.m in Sources */,
				EE48F6C61B4C6B9700E6792C /* PUUtility.m in Sources */,
				EE5CA8931B7283CF009B3270 /* NameViewController.m in Sources */,
				EE48F6F61B4DBB2D00E6792C /* ProfileViewController.m in Sources */,
				EE5CA8961B7283D7009B3270 /* PhoneViewController.m in Sources */,
				EE48F7051B4EF19B00E6792C /* FeedViewController.m in Sources */,
				EE4C702E1B614FAA001C50B9 /* RideAnnotations.m in Sources */,
				EE48F6E91B4D8AEF00E6792C /* SignUpViewController.m in Sources */,
			);
			runOnlyForDeploymentPostprocessing = 0;
		};
		EE044B051B4C53200052CC67 /* Sources */ = {
			isa = PBXSourcesBuildPhase;
			buildActionMask = 2147483647;
			files = (
				EE044B101B4C53200052CC67 /* PuulProjectTests.m in Sources */,
			);
			runOnlyForDeploymentPostprocessing = 0;
		};
/* End PBXSourcesBuildPhase section */

/* Begin PBXTargetDependency section */
		EE044B0B1B4C53200052CC67 /* PBXTargetDependency */ = {
			isa = PBXTargetDependency;
			target = EE044AEF1B4C531F0052CC67 /* PuulProject */;
			targetProxy = EE044B0A1B4C53200052CC67 /* PBXContainerItemProxy */;
		};
/* End PBXTargetDependency section */

/* Begin PBXVariantGroup section */
		EE044AFD1B4C531F0052CC67 /* Main.storyboard */ = {
			isa = PBXVariantGroup;
			children = (
				EE044AFE1B4C531F0052CC67 /* Base */,
			);
			name = Main.storyboard;
			sourceTree = "<group>";
		};
		EE044B021B4C531F0052CC67 /* LaunchScreen.xib */ = {
			isa = PBXVariantGroup;
			children = (
				EE044B031B4C531F0052CC67 /* Base */,
			);
			name = LaunchScreen.xib;
			sourceTree = "<group>";
		};
/* End PBXVariantGroup section */

/* Begin XCBuildConfiguration section */
		EE044B111B4C53200052CC67 /* Debug */ = {
			isa = XCBuildConfiguration;
			buildSettings = {
				ALWAYS_SEARCH_USER_PATHS = NO;
				CLANG_CXX_LANGUAGE_STANDARD = "gnu++0x";
				CLANG_CXX_LIBRARY = "libc++";
				CLANG_ENABLE_MODULES = YES;
				CLANG_ENABLE_OBJC_ARC = YES;
				CLANG_WARN_BOOL_CONVERSION = YES;
				CLANG_WARN_CONSTANT_CONVERSION = YES;
				CLANG_WARN_DIRECT_OBJC_ISA_USAGE = YES_ERROR;
				CLANG_WARN_EMPTY_BODY = YES;
				CLANG_WARN_ENUM_CONVERSION = YES;
				CLANG_WARN_INT_CONVERSION = YES;
				CLANG_WARN_OBJC_ROOT_CLASS = YES_ERROR;
				CLANG_WARN_UNREACHABLE_CODE = YES;
				CLANG_WARN__DUPLICATE_METHOD_MATCH = YES;
				"CODE_SIGN_IDENTITY[sdk=iphoneos*]" = "iPhone Developer";
				COPY_PHASE_STRIP = NO;
				ENABLE_STRICT_OBJC_MSGSEND = YES;
				GCC_C_LANGUAGE_STANDARD = gnu99;
				GCC_DYNAMIC_NO_PIC = NO;
				GCC_OPTIMIZATION_LEVEL = 0;
				GCC_PREPROCESSOR_DEFINITIONS = (
					"DEBUG=1",
					"$(inherited)",
				);
				GCC_SYMBOLS_PRIVATE_EXTERN = NO;
				GCC_WARN_64_TO_32_BIT_CONVERSION = YES;
				GCC_WARN_ABOUT_RETURN_TYPE = YES_ERROR;
				GCC_WARN_UNDECLARED_SELECTOR = YES;
				GCC_WARN_UNINITIALIZED_AUTOS = YES_AGGRESSIVE;
				GCC_WARN_UNUSED_FUNCTION = YES;
				GCC_WARN_UNUSED_VARIABLE = YES;
				IPHONEOS_DEPLOYMENT_TARGET = 8.1;
				MTL_ENABLE_DEBUG_INFO = YES;
				ONLY_ACTIVE_ARCH = YES;
				SDKROOT = iphoneos;
				TARGETED_DEVICE_FAMILY = "1,2";
			};
			name = Debug;
		};
		EE044B121B4C53200052CC67 /* Release */ = {
			isa = XCBuildConfiguration;
			buildSettings = {
				ALWAYS_SEARCH_USER_PATHS = NO;
				CLANG_CXX_LANGUAGE_STANDARD = "gnu++0x";
				CLANG_CXX_LIBRARY = "libc++";
				CLANG_ENABLE_MODULES = YES;
				CLANG_ENABLE_OBJC_ARC = YES;
				CLANG_WARN_BOOL_CONVERSION = YES;
				CLANG_WARN_CONSTANT_CONVERSION = YES;
				CLANG_WARN_DIRECT_OBJC_ISA_USAGE = YES_ERROR;
				CLANG_WARN_EMPTY_BODY = YES;
				CLANG_WARN_ENUM_CONVERSION = YES;
				CLANG_WARN_INT_CONVERSION = YES;
				CLANG_WARN_OBJC_ROOT_CLASS = YES_ERROR;
				CLANG_WARN_UNREACHABLE_CODE = YES;
				CLANG_WARN__DUPLICATE_METHOD_MATCH = YES;
				"CODE_SIGN_IDENTITY[sdk=iphoneos*]" = "iPhone Developer";
				COPY_PHASE_STRIP = YES;
				ENABLE_NS_ASSERTIONS = NO;
				ENABLE_STRICT_OBJC_MSGSEND = YES;
				GCC_C_LANGUAGE_STANDARD = gnu99;
				GCC_WARN_64_TO_32_BIT_CONVERSION = YES;
				GCC_WARN_ABOUT_RETURN_TYPE = YES_ERROR;
				GCC_WARN_UNDECLARED_SELECTOR = YES;
				GCC_WARN_UNINITIALIZED_AUTOS = YES_AGGRESSIVE;
				GCC_WARN_UNUSED_FUNCTION = YES;
				GCC_WARN_UNUSED_VARIABLE = YES;
				IPHONEOS_DEPLOYMENT_TARGET = 8.1;
				MTL_ENABLE_DEBUG_INFO = NO;
				SDKROOT = iphoneos;
				TARGETED_DEVICE_FAMILY = "1,2";
				VALIDATE_PRODUCT = YES;
			};
			name = Release;
		};
		EE044B141B4C53200052CC67 /* Debug */ = {
			isa = XCBuildConfiguration;
			baseConfigurationReference = B15D10C13AD0B5DC7FC15D40 /* Pods.debug.xcconfig */;
			buildSettings = {
				ASSETCATALOG_COMPILER_APPICON_NAME = "AppIcon-3";
				CODE_SIGN_IDENTITY = "iPhone Developer";
				"CODE_SIGN_IDENTITY[sdk=iphoneos*]" = "iPhone Developer";
				FRAMEWORK_SEARCH_PATHS = (
					"$(inherited)",
					"/Users/davidho/Downloads/parse-library-1.7.5",
					"(1)",
				);
				INFOPLIST_FILE = PuulProject/Info.plist;
				LD_RUNPATH_SEARCH_PATHS = "$(inherited) @executable_path/Frameworks";
				PRODUCT_NAME = "$(TARGET_NAME)";
				PROVISIONING_PROFILE = "";
			};
			name = Debug;
		};
		EE044B151B4C53200052CC67 /* Release */ = {
			isa = XCBuildConfiguration;
			baseConfigurationReference = ADDDDB20B89C0A6758C8AB21 /* Pods.release.xcconfig */;
			buildSettings = {
				ASSETCATALOG_COMPILER_APPICON_NAME = "AppIcon-3";
				CODE_SIGN_IDENTITY = "iPhone Developer";
				"CODE_SIGN_IDENTITY[sdk=iphoneos*]" = "iPhone Developer";
				FRAMEWORK_SEARCH_PATHS = (
					"$(inherited)",
					"/Users/davidho/Downloads/parse-library-1.7.5",
					"(1)",
				);
				INFOPLIST_FILE = PuulProject/Info.plist;
				LD_RUNPATH_SEARCH_PATHS = "$(inherited) @executable_path/Frameworks";
				PRODUCT_NAME = "$(TARGET_NAME)";
				PROVISIONING_PROFILE = "";
			};
			name = Release;
		};
		EE044B171B4C53200052CC67 /* Debug */ = {
			isa = XCBuildConfiguration;
			buildSettings = {
				BUNDLE_LOADER = "$(TEST_HOST)";
				FRAMEWORK_SEARCH_PATHS = (
					"$(SDKROOT)/Developer/Library/Frameworks",
					"$(inherited)",
				);
				GCC_PREPROCESSOR_DEFINITIONS = (
					"DEBUG=1",
					"$(inherited)",
				);
				INFOPLIST_FILE = PuulProjectTests/Info.plist;
				LD_RUNPATH_SEARCH_PATHS = "$(inherited) @executable_path/Frameworks @loader_path/Frameworks";
				PRODUCT_NAME = "$(TARGET_NAME)";
				TEST_HOST = "$(BUILT_PRODUCTS_DIR)/PuulProject.app/PuulProject";
			};
			name = Debug;
		};
		EE044B181B4C53200052CC67 /* Release */ = {
			isa = XCBuildConfiguration;
			buildSettings = {
				BUNDLE_LOADER = "$(TEST_HOST)";
				FRAMEWORK_SEARCH_PATHS = (
					"$(SDKROOT)/Developer/Library/Frameworks",
					"$(inherited)",
				);
				INFOPLIST_FILE = PuulProjectTests/Info.plist;
				LD_RUNPATH_SEARCH_PATHS = "$(inherited) @executable_path/Frameworks @loader_path/Frameworks";
				PRODUCT_NAME = "$(TARGET_NAME)";
				TEST_HOST = "$(BUILT_PRODUCTS_DIR)/PuulProject.app/PuulProject";
			};
			name = Release;
		};
/* End XCBuildConfiguration section */

/* Begin XCConfigurationList section */
		EE044AEB1B4C531F0052CC67 /* Build configuration list for PBXProject "PuulProject" */ = {
			isa = XCConfigurationList;
			buildConfigurations = (
				EE044B111B4C53200052CC67 /* Debug */,
				EE044B121B4C53200052CC67 /* Release */,
			);
			defaultConfigurationIsVisible = 0;
			defaultConfigurationName = Release;
		};
		EE044B131B4C53200052CC67 /* Build configuration list for PBXNativeTarget "PuulProject" */ = {
			isa = XCConfigurationList;
			buildConfigurations = (
				EE044B141B4C53200052CC67 /* Debug */,
				EE044B151B4C53200052CC67 /* Release */,
			);
			defaultConfigurationIsVisible = 0;
			defaultConfigurationName = Release;
		};
		EE044B161B4C53200052CC67 /* Build configuration list for PBXNativeTarget "PuulProjectTests" */ = {
			isa = XCConfigurationList;
			buildConfigurations = (
				EE044B171B4C53200052CC67 /* Debug */,
				EE044B181B4C53200052CC67 /* Release */,
			);
			defaultConfigurationIsVisible = 0;
			defaultConfigurationName = Release;
		};
/* End XCConfigurationList section */
	};
	rootObject = EE044AE81B4C531F0052CC67 /* Project object */;
}
